
Microsoft Visual Studio Solution File, Format Version 12.00
# Visual Studio Version 17
VisualStudioVersion = 17.14.36603.0
MinimumVisualStudioVersion = 10.0.40219.1
Project("{FAE04EC0-301F-11D3-BF4B-00C04F79EFBC}") = "DevQuestions.Domain", "src\DevQuestions.Domain\DevQuestions.Domain.csproj", "{BE8C86FB-5A6D-4900-A30D-A6534789C4BE}"
EndProject
Project("{2150E333-8FDC-42A3-9474-1A3956D46DE8}") = "src", "src", "{02EA681E-C7D8-13C7-8484-4AC65E1B71E8}"
EndProject
Global
	GlobalSection(SolutionConfigurationPlatforms) = preSolution
		Debug|Any CPU = Debug|Any CPU
		Release|Any CPU = Release|Any CPU
	EndGlobalSection
	GlobalSection(ProjectConfigurationPlatforms) = postSolution
		{BE8C86FB-5A6D-4900-A30D-A6534789C4BE}.Debug|Any CPU.ActiveCfg = Debug|Any CPU
		{BE8C86FB-5A6D-4900-A30D-A6534789C4BE}.Debug|Any CPU.Build.0 = Debug|Any CPU
		{BE8C86FB-5A6D-4900-A30D-A6534789C4BE}.Release|Any CPU.ActiveCfg = Release|Any CPU
		{BE8C86FB-5A6D-4900-A30D-A6534789C4BE}.Release|Any CPU.Build.0 = Release|Any CPU
	EndGlobalSection
	GlobalSection(SolutionProperties) = preSolution
		HideSolutionNode = FALSE
	EndGlobalSection
	GlobalSection(NestedProjects) = preSolution
		{BE8C86FB-5A6D-4900-A30D-A6534789C4BE} = {02EA681E-C7D8-13C7-8484-4AC65E1B71E8}
	EndGlobalSection
	GlobalSection(ExtensibilityGlobals) = postSolution
		SolutionGuid = {A8CF2DF5-E305-4D36-8934-574F3A949ADE}
	EndGlobalSection
EndGlobal
